
Microsoft Visual Studio Solution File, Format Version 12.00
# Visual Studio Version 17
VisualStudioVersion = 17.13.35913.81 d17.13
MinimumVisualStudioVersion = 10.0.40219.1
Project("{FAE04EC0-301F-11D3-BF4B-00C04F79EFBC}") = "DCTOOL", "DCTOOL\DCTOOL.csproj", "{CEA0B675-071A-4BCA-930B-D284A19E425E}"
EndProject
Global
	GlobalSection(SolutionConfigurationPlatforms) = preSolution
		Debug|Any CPU = Debug|Any CPU
		Release|Any CPU = Release|Any CPU
	EndGlobalSection
	GlobalSection(ProjectConfigurationPlatforms) = postSolution
		{CEA0B675-071A-4BCA-930B-D284A19E425E}.Debug|Any CPU.ActiveCfg = Debug|Any CPU
		{CEA0B675-071A-4BCA-930B-D284A19E425E}.Debug|Any CPU.Build.0 = Debug|Any CPU
		{CEA0B675-071A-4BCA-930B-D284A19E425E}.Release|Any CPU.ActiveCfg = Release|Any CPU
		{CEA0B675-071A-4BCA-930B-D284A19E425E}.Release|Any CPU.Build.0 = Release|Any CPU
	EndGlobalSection
	GlobalSection(SolutionProperties) = preSolution
		HideSolutionNode = FALSE
	EndGlobalSection
	GlobalSection(ExtensibilityGlobals) = postSolution
		SolutionGuid = {68DED1CE-A467-462C-8082-170DEF14C115}
	EndGlobalSection
EndGlobal
